{
	"name": "@webdoc/legacy-template",
	"version": "1.0.0",
	"lockfileVersion": 1,
	"requires": true,
	"dependencies": {
		"@babel/runtime": {
			"version": "7.9.2",
			"resolved": "https://registry.npmjs.org/@babel/runtime/-/runtime-7.9.2.tgz",
			"integrity": "sha512-NE2DtOdufG7R5vnfQUTehdTfNycfUANEtCa9PssN9O/xmTzP4E08UI797ixaei6hBEVL9BI/PsdJS5x7mWoB9Q==",
			"requires": {
				"regenerator-runtime": "^0.13.4"
			}
		},
		"argparse": {
			"version": "1.0.10",
			"resolved": "https://registry.npmjs.org/argparse/-/argparse-1.0.10.tgz",
			"integrity": "sha512-o5Roy6tNG4SL/FOkCAN6RzjiakZS25RLYFrcMttJqbdd8BWrnA+fGz57iN5Pb06pvBGvl5gQ0B48dJlslXvoTg==",
			"requires": {
				"sprintf-js": "~1.0.2"
			}
		},
		"at-least-node": {
			"version": "1.0.0",
			"resolved": "https://registry.npmjs.org/at-least-node/-/at-least-node-1.0.0.tgz",
			"integrity": "sha512-+q/t7Ekv1EDY2l6Gda6LLiX14rU9TV20Wa3ofeQmwPFZbOMo9DXrLbOjFaaclkXKWidIaopwAObQDqwWtGUjqg=="
		},
		"bluebird": {
			"version": "3.7.2",
			"resolved": "https://registry.npmjs.org/bluebird/-/bluebird-3.7.2.tgz",
			"integrity": "sha512-XpNj6GDQzdfW+r2Wnn7xiSAd7TM3jzkxGXBGTtWKuSXv1xUV+azxAm8jdWZN06QTQk+2N2XB9jRDkvbmQmcRtg=="
		},
		"code-prettify": {
			"version": "0.1.0",
			"resolved": "https://registry.npmjs.org/code-prettify/-/code-prettify-0.1.0.tgz",
			"integrity": "sha1-RocMyMGlDQm61TmzOpg9vUqjSx4="
		},
		"color-themes-for-google-code-prettify": {
			"version": "2.0.4",
			"resolved": "https://registry.npmjs.org/color-themes-for-google-code-prettify/-/color-themes-for-google-code-prettify-2.0.4.tgz",
			"integrity": "sha1-3urPZX/WhXaGR1TU5IbXjf2x54Q="
		},
		"common-path-prefix": {
			"version": "3.0.0",
			"resolved": "https://registry.npmjs.org/common-path-prefix/-/common-path-prefix-3.0.0.tgz",
			"integrity": "sha512-QE33hToZseCH3jS0qN96O/bSh3kaw/h+Tq7ngyY9eWDUnTlTNUyqfqvCXioLe5Na5jFsL78ra/wuBU4iuEgd4w=="
		},
		"core-js": {
			"version": "3.6.5",
			"resolved": "https://registry.npmjs.org/core-js/-/core-js-3.6.5.tgz",
			"integrity": "sha512-vZVEEwZoIsI+vPEuoF9Iqf5H7/M3eeQqWlQnYa8FSKKePuYTf5MWnxb5SDAzCa60b3JBRS5g9b+Dq7b1y/RCrA=="
		},
		"entities": {
			"version": "2.0.3",
			"resolved": "https://registry.npmjs.org/entities/-/entities-2.0.3.tgz",
			"integrity": "sha512-MyoZ0jgnLvB2X3Lg5HqpFmn1kybDiIfEQmKzTb5apr51Rb+T3KdmMiqa70T+bhGnyv7bQ6WMj2QMHpGMmlrUYQ=="
		},
		"escape-string-regexp": {
			"version": "3.0.0",
			"resolved": "https://registry.npmjs.org/escape-string-regexp/-/escape-string-regexp-3.0.0.tgz",
			"integrity": "sha512-11dXIUC3umvzEViLP117d0KN6LJzZxh5+9F4E/7WLAAw7GrHk8NpUR+g9iJi/pe9C0py4F8rs0hreyRCwlAuZg=="
		},
		"fs-extra": {
			"version": "9.0.1",
			"resolved": "https://registry.npmjs.org/fs-extra/-/fs-extra-9.0.1.tgz",
			"integrity": "sha512-h2iAoN838FqAFJY2/qVpzFXy+EBxfVE220PalAqQLDVsFOHLJrZvut5puAbCdNv6WJk+B8ihI+k0c7JK5erwqQ==",
			"requires": {
				"at-least-node": "^1.0.0",
				"graceful-fs": "^4.2.0",
				"jsonfile": "^6.0.1",
				"universalify": "^1.0.0"
			}
		},
		"graceful-fs": {
			"version": "4.2.3",
			"resolved": "https://registry.npmjs.org/graceful-fs/-/graceful-fs-4.2.3.tgz",
			"integrity": "sha512-a30VEBm4PEdx1dRB7MFK7BejejvCvBronbLjht+sHuGYj8PHs7M/5Z+rt5lw551vZ7yfTCj4Vuyy3mSJytDWRQ=="
		},
		"highlight.js": {
			"version": "9.18.1",
			"resolved": "https://registry.npmjs.org/highlight.js/-/highlight.js-9.18.1.tgz",
			"integrity": "sha512-OrVKYz70LHsnCgmbXctv/bfuvntIKDz177h0Co37DQ5jamGZLVmoCVMtjMtNZY3X9DrCcKfklHPNeA0uPZhSJg=="
		},
		"jsonfile": {
			"version": "6.0.1",
			"resolved": "https://registry.npmjs.org/jsonfile/-/jsonfile-6.0.1.tgz",
			"integrity": "sha512-jR2b5v7d2vIOust+w3wtFKZIfpC2pnRmFAhAC/BuweZFQR8qZzxH1OyrQ10HmdVYiXWkYUqPVsz91cG7EL2FBg==",
			"requires": {
				"graceful-fs": "^4.1.6",
				"universalify": "^1.0.0"
			}
		},
		"klaw-sync": {
			"version": "6.0.0",
			"resolved": "https://registry.npmjs.org/klaw-sync/-/klaw-sync-6.0.0.tgz",
			"integrity": "sha512-nIeuVSzdCCs6TDPTqI8w1Yre34sSq7AkZ4B3sfOBbI2CgVSB4Du4aLQijFU2+lhAFCwt9+42Hel6lQNIv6AntQ==",
			"requires": {
				"graceful-fs": "^4.1.11"
			}
		},
		"linkify-it": {
			"version": "3.0.2",
			"resolved": "https://registry.npmjs.org/linkify-it/-/linkify-it-3.0.2.tgz",
			"integrity": "sha512-gDBO4aHNZS6coiZCKVhSNh43F9ioIL4JwRjLZPkoLIY4yZFwg264Y5lu2x6rb1Js42Gh6Yqm2f6L2AJcnkzinQ==",
			"requires": {
				"uc.micro": "^1.0.1"
			}
		},
		"lodash": {
			"version": "4.17.15",
			"resolved": "https://registry.npmjs.org/lodash/-/lodash-4.17.15.tgz",
			"integrity": "sha512-8xOcRHvCjnocdS5cpwXQXVzmmh5e5+saE2QGoeQmbKmRS6J3VQppPOIt0MnmE+4xlZoumy0GPG0D0MVIQbNA1A=="
		},
		"lodash.flow": {
			"version": "3.5.0",
			"resolved": "https://registry.npmjs.org/lodash.flow/-/lodash.flow-3.5.0.tgz",
			"integrity": "sha1-h79AKSuM+D5OjOGjrkIJ4gBxZ1o="
		},
		"markdown-it": {
			"version": "11.0.0",
			"resolved": "https://registry.npmjs.org/markdown-it/-/markdown-it-11.0.0.tgz",
			"integrity": "sha512-+CvOnmbSubmQFSA9dKz1BRiaSMV7rhexl3sngKqFyXSagoA3fBdJQ8oZWtRy2knXdpDXaBw44euz37DeJQ9asg==",
			"requires": {
				"argparse": "^1.0.7",
				"entities": "~2.0.0",
				"linkify-it": "^3.0.1",
				"mdurl": "^1.0.1",
				"uc.micro": "^1.0.5"
			}
		},
		"markdown-it-highlightjs": {
			"version": "3.1.0",
			"resolved": "https://registry.npmjs.org/markdown-it-highlightjs/-/markdown-it-highlightjs-3.1.0.tgz",
			"integrity": "sha512-SYy8fXlZ7Bk+Q+bc9JmHHcMCUFsKR3nr1JjkpPnq0gsmLOyIaxJfRoIAVqWF/AIuN7CZlJWQuSFwQoBb6dZmnQ==",
			"requires": {
				"highlight.js": "^9.18.1",
				"lodash.flow": "^3.5.0"
			}
		},
		"marked": {
			"version": "0.8.2",
			"resolved": "https://registry.npmjs.org/marked/-/marked-0.8.2.tgz",
			"integrity": "sha512-EGwzEeCcLniFX51DhTpmTom+dSA/MG/OBUDjnWtHbEnjAH180VzUeAw+oE4+Zv+CoYBWyRlYOTR0N8SO9R1PVw=="
		},
		"mdurl": {
			"version": "1.0.1",
			"resolved": "https://registry.npmjs.org/mdurl/-/mdurl-1.0.1.tgz",
			"integrity": "sha1-/oWy7HWlkDfyrf7BAP1sYBdhFS4="
		},
		"missionlog": {
			"version": "1.6.0",
			"resolved": "https://registry.npmjs.org/missionlog/-/missionlog-1.6.0.tgz",
			"integrity": "sha512-E7I0ePiUvh9Su4JnWcJaegek0fEU0OsQhatoqoYKRkJOkOWy5v2JjU6HKawxqcootHr/EtNSkyaUJM0ictCDZQ==",
			"requires": {
				"@babel/runtime": "^7.8.4",
				"core-js": "^3.6.4"
			}
		},
		"open-sans-fonts": {
			"version": "1.6.2",
			"resolved": "https://registry.npmjs.org/open-sans-fonts/-/open-sans-fonts-1.6.2.tgz",
			"integrity": "sha512-vsJ6/Mm0TdUKQJqxfkXJy+0K2X0QeRuTmxQq9YE1ycziw6CbDPolDsHhQ6+ImoV/7OTh8K8ZTGklY1Z5nUAwug=="
		},
		"regenerator-runtime": {
			"version": "0.13.5",
			"resolved": "https://registry.npmjs.org/regenerator-runtime/-/regenerator-runtime-0.13.5.tgz",
			"integrity": "sha512-ZS5w8CpKFinUzOwW3c83oPeVXoNsrLsaCoLtJvAClH135j/R77RuymhiSErhm2lKcwSCIpmvIWSbDkIfAqKQlA=="
		},
		"sprintf-js": {
			"version": "1.0.3",
			"resolved": "https://registry.npmjs.org/sprintf-js/-/sprintf-js-1.0.3.tgz",
			"integrity": "sha1-BOaSb2YolTVPPdAVIDYzuFcpfiw="
		},
		"uc.micro": {
			"version": "1.0.6",
			"resolved": "https://registry.npmjs.org/uc.micro/-/uc.micro-1.0.6.tgz",
			"integrity": "sha512-8Y75pvTYkLJW2hWQHXxoqRgV7qb9B+9vFEtidML+7koHUFapnVJAZ6cKs+Qjz5Aw3aZWHMC6u0wJE3At+nSGwA=="
		},
		"universalify": {
			"version": "1.0.0",
			"resolved": "https://registry.npmjs.org/universalify/-/universalify-1.0.0.tgz",
			"integrity": "sha512-rb6X1W158d7pRQBg5gkR8uPaSfiids68LTJQYOtEUhoJUWBdaQHsuT/EUduxXYxcrt4r5PJ4fuHW1MHT6p0qug=="
		}
	}
}
