{
	"name": "@webdoc/cli",
	"version": "0.1.16-alpha.0",
	"lockfileVersion": 1,
	"requires": true,
	"dependencies": {
		"@babel/parser": {
			"version": "7.9.4",
			"resolved": "https://registry.npmjs.org/@babel/parser/-/parser-7.9.4.tgz",
			"integrity": "sha512-bC49otXX6N0/VYhgOMh4gnP26E9xnDZK3TmbNpxYzzz9BQLBosQwfyOe9/cXUU3txYhTzLCbcqd5c8y/OmCjHA=="
		},
		"@babel/runtime": {
			"version": "7.9.2",
			"resolved": "https://registry.npmjs.org/@babel/runtime/-/runtime-7.9.2.tgz",
			"integrity": "sha512-NE2DtOdufG7R5vnfQUTehdTfNycfUANEtCa9PssN9O/xmTzP4E08UI797ixaei6hBEVL9BI/PsdJS5x7mWoB9Q==",
			"requires": {
				"regenerator-runtime": "^0.13.4"
			}
		},
		"@nodelib/fs.scandir": {
			"version": "2.1.3",
			"resolved": "https://registry.npmjs.org/@nodelib/fs.scandir/-/fs.scandir-2.1.3.tgz",
			"integrity": "sha512-eGmwYQn3gxo4r7jdQnkrrN6bY478C3P+a/y72IJukF8LjB6ZHeB3c+Ehacj3sYeSmUXGlnA67/PmbM9CVwL7Dw==",
			"requires": {
				"@nodelib/fs.stat": "2.0.3",
				"run-parallel": "^1.1.9"
			}
		},
		"@nodelib/fs.stat": {
			"version": "2.0.3",
			"resolved": "https://registry.npmjs.org/@nodelib/fs.stat/-/fs.stat-2.0.3.tgz",
			"integrity": "sha512-bQBFruR2TAwoevBEd/NWMoAAtNGzTRgdrqnYCc7dhzfoNvqPzLyqlEQnzZ3kVnNrSp25iyxE00/3h2fqGAGArA=="
		},
		"@nodelib/fs.walk": {
			"version": "1.2.4",
			"resolved": "https://registry.npmjs.org/@nodelib/fs.walk/-/fs.walk-1.2.4.tgz",
			"integrity": "sha512-1V9XOY4rDW0rehzbrcqAmHnz8e7SKvX27gh8Gt2WgB0+pdzdiLV83p72kZPU+jvMbS1qU5mauP2iOvO8rhmurQ==",
			"requires": {
				"@nodelib/fs.scandir": "2.1.3",
				"fastq": "^1.6.0"
			}
		},
		"@types/color-name": {
			"version": "1.1.1",
			"resolved": "https://registry.npmjs.org/@types/color-name/-/color-name-1.1.1.tgz",
			"integrity": "sha512-rr+OQyAjxze7GgWrSaJwydHStIhHq2lvY3BOC2Mj7KnzI7XK0Uw1TOOdI9lDoajEbSWLiYgoo4f1R51erQfhPQ=="
		},
		"ansi-regex": {
			"version": "5.0.0",
			"resolved": "https://registry.npmjs.org/ansi-regex/-/ansi-regex-5.0.0.tgz",
			"integrity": "sha512-bY6fj56OUQ0hU1KjFNDQuJFezqKdrAyFdIevADiqrWHwSlbmBNMHp5ak2f40Pm8JTFyM2mqxkG6ngkHO11f/lg=="
		},
		"ansi-styles": {
			"version": "4.2.1",
			"resolved": "https://registry.npmjs.org/ansi-styles/-/ansi-styles-4.2.1.tgz",
			"integrity": "sha512-9VGjrMsG1vePxcSweQsN20KY/c4zN0h9fLjqAbwbPfahM3t+NL+M9HC8xeXG2I8pX5NoamTGNuomEUFI7fcUjA==",
			"requires": {
				"@types/color-name": "^1.1.1",
				"color-convert": "^2.0.1"
			}
		},
		"argparse": {
			"version": "1.0.10",
			"resolved": "https://registry.npmjs.org/argparse/-/argparse-1.0.10.tgz",
			"integrity": "sha512-o5Roy6tNG4SL/FOkCAN6RzjiakZS25RLYFrcMttJqbdd8BWrnA+fGz57iN5Pb06pvBGvl5gQ0B48dJlslXvoTg==",
			"requires": {
				"sprintf-js": "~1.0.2"
			}
		},
		"array-union": {
			"version": "2.1.0",
			"resolved": "https://registry.npmjs.org/array-union/-/array-union-2.1.0.tgz",
			"integrity": "sha512-HGyxoOTYUyCM6stUe6EJgnd4EoewAI7zMdfqO+kGjnlZmBDz/cR5pf8r/cR4Wq60sL/p0IkcjUEEPwS3GFrIyw=="
		},
		"bluebird": {
			"version": "3.7.2",
			"resolved": "https://registry.npmjs.org/bluebird/-/bluebird-3.7.2.tgz",
			"integrity": "sha512-XpNj6GDQzdfW+r2Wnn7xiSAd7TM3jzkxGXBGTtWKuSXv1xUV+azxAm8jdWZN06QTQk+2N2XB9jRDkvbmQmcRtg=="
		},
		"braces": {
			"version": "3.0.2",
			"resolved": "https://registry.npmjs.org/braces/-/braces-3.0.2.tgz",
			"integrity": "sha512-b8um+L1RzM3WDSzvhm6gIz1yfTbBt6YTlcEKAvsmqCZZFw46z626lVj9j1yEPW33H5H+lBQpZMP1k8l+78Ha0A==",
			"requires": {
				"fill-range": "^7.0.1"
			}
		},
		"camelcase": {
			"version": "5.3.1",
			"resolved": "https://registry.npmjs.org/camelcase/-/camelcase-5.3.1.tgz",
			"integrity": "sha512-L28STB170nwWS63UjtlEOE3dldQApaJXZkOI1uMFfzf3rRuPegHaHesyee+YxQ+W6SvRDQV6UrdOdRiR153wJg=="
		},
		"catharsis": {
			"version": "0.8.11",
			"resolved": "https://registry.npmjs.org/catharsis/-/catharsis-0.8.11.tgz",
			"integrity": "sha512-a+xUyMV7hD1BrDQA/3iPV7oc+6W26BgVJO05PGEoatMyIuPScQKsde6i3YorWX1qs+AZjnJ18NqdKoCtKiNh1g==",
			"requires": {
				"lodash": "^4.17.14"
			}
		},
		"cliui": {
			"version": "6.0.0",
			"resolved": "https://registry.npmjs.org/cliui/-/cliui-6.0.0.tgz",
			"integrity": "sha512-t6wbgtoCXvAzst7QgXxJYqPt0usEfbgQdftEPbLL/cvv6HPE5VgvqCuAIDR0NgU52ds6rFwqrgakNLrHEjCbrQ==",
			"requires": {
				"string-width": "^4.2.0",
				"strip-ansi": "^6.0.0",
				"wrap-ansi": "^6.2.0"
			}
		},
		"color-convert": {
			"version": "2.0.1",
			"resolved": "https://registry.npmjs.org/color-convert/-/color-convert-2.0.1.tgz",
			"integrity": "sha512-RRECPsj7iu/xb5oKYcsFHSppFNnsj/52OVTRKb4zP5onXwVF3zVmmToNcOfGC+CRDpfK/U584fMg38ZHCaElKQ==",
			"requires": {
				"color-name": "~1.1.4"
			}
		},
		"color-name": {
			"version": "1.1.4",
			"resolved": "https://registry.npmjs.org/color-name/-/color-name-1.1.4.tgz",
			"integrity": "sha512-dOy+3AuW3a2wNbZHIuMZpTcgjGuLU/uBL/ubcZF9OXbDo8ff4O8yVp5Bf0efS8uEoYo5q4Fx7dY9OgQGXgAsQA=="
		},
		"core-js": {
			"version": "3.6.5",
			"resolved": "https://registry.npmjs.org/core-js/-/core-js-3.6.5.tgz",
			"integrity": "sha512-vZVEEwZoIsI+vPEuoF9Iqf5H7/M3eeQqWlQnYa8FSKKePuYTf5MWnxb5SDAzCa60b3JBRS5g9b+Dq7b1y/RCrA=="
		},
		"decamelize": {
			"version": "1.2.0",
			"resolved": "https://registry.npmjs.org/decamelize/-/decamelize-1.2.0.tgz",
			"integrity": "sha1-9lNNFRSCabIDUue+4m9QH5oZEpA="
		},
		"dir-glob": {
			"version": "3.0.1",
			"resolved": "https://registry.npmjs.org/dir-glob/-/dir-glob-3.0.1.tgz",
			"integrity": "sha512-WkrWp9GR4KXfKGYzOLmTuGVi1UWFfws377n9cc55/tb6DuqyF6pcQ5AbiHEshaDpY9v6oaSr2XCDidGmMwdzIA==",
			"requires": {
				"path-type": "^4.0.0"
			}
		},
		"emoji-regex": {
			"version": "8.0.0",
			"resolved": "https://registry.npmjs.org/emoji-regex/-/emoji-regex-8.0.0.tgz",
			"integrity": "sha512-MSjYzcWNOA0ewAHpz0MxpYFvwg6yjy1NG3xteoqz644VCo/RPgnr1/GGt+ic3iJTzQ8Eu3TdM14SawnVUmGE6A=="
		},
		"entities": {
			"version": "2.0.0",
			"resolved": "https://registry.npmjs.org/entities/-/entities-2.0.0.tgz",
			"integrity": "sha512-D9f7V0JSRwIxlRI2mjMqufDrRDnx8p+eEOz7aUM9SuvF8gsBzra0/6tbjl1m8eQHrZlYj6PxqE00hZ1SAIKPLw=="
		},
		"escape-string-regexp": {
			"version": "2.0.0",
			"resolved": "https://registry.npmjs.org/escape-string-regexp/-/escape-string-regexp-2.0.0.tgz",
			"integrity": "sha512-UpzcLCXolUWcNu5HtVMHYdXJjArjsF9C0aNnquZYY4uW/Vu0miy5YoWvbV345HauVvcAUnpRuhMMcqTcGOY2+w=="
		},
		"fast-glob": {
			"version": "3.2.2",
			"resolved": "https://registry.npmjs.org/fast-glob/-/fast-glob-3.2.2.tgz",
			"integrity": "sha512-UDV82o4uQyljznxwMxyVRJgZZt3O5wENYojjzbaGEGZgeOxkLFf+V4cnUD+krzb2F72E18RhamkMZ7AdeggF7A==",
			"requires": {
				"@nodelib/fs.stat": "^2.0.2",
				"@nodelib/fs.walk": "^1.2.3",
				"glob-parent": "^5.1.0",
				"merge2": "^1.3.0",
				"micromatch": "^4.0.2",
				"picomatch": "^2.2.1"
			}
		},
		"fastq": {
			"version": "1.7.0",
			"resolved": "https://registry.npmjs.org/fastq/-/fastq-1.7.0.tgz",
			"integrity": "sha512-YOadQRnHd5q6PogvAR/x62BGituF2ufiEA6s8aavQANw5YKHERI4AREboX6KotzP8oX2klxYF2wcV/7bn1clfQ==",
			"requires": {
				"reusify": "^1.0.4"
			}
		},
		"fill-range": {
			"version": "7.0.1",
			"resolved": "https://registry.npmjs.org/fill-range/-/fill-range-7.0.1.tgz",
			"integrity": "sha512-qOo9F+dMUmC2Lcb4BbVvnKJxTPjCm+RRpe4gDuGrzkL7mEVl/djYSu2OdQ2Pa302N4oqkSg9ir6jaLWJ2USVpQ==",
			"requires": {
				"to-regex-range": "^5.0.1"
			}
		},
		"find-up": {
			"version": "4.1.0",
			"resolved": "https://registry.npmjs.org/find-up/-/find-up-4.1.0.tgz",
			"integrity": "sha512-PpOwAdQ/YlXQ2vj8a3h8IipDuYRi3wceVQQGYWxNINccq40Anw7BlsEXCMbt1Zt+OLA6Fq9suIpIWD0OsnISlw==",
			"requires": {
				"locate-path": "^5.0.0",
				"path-exists": "^4.0.0"
			}
		},
		"get-caller-file": {
			"version": "2.0.5",
			"resolved": "https://registry.npmjs.org/get-caller-file/-/get-caller-file-2.0.5.tgz",
			"integrity": "sha512-DyFP3BM/3YHTQOCUL/w0OZHR0lpKeGrxotcHWcqNEdnltqFwXVfhEBQ94eIo34AfQpo0rGki4cyIiftY06h2Fg=="
		},
		"glob-parent": {
			"version": "5.1.1",
			"resolved": "https://registry.npmjs.org/glob-parent/-/glob-parent-5.1.1.tgz",
			"integrity": "sha512-FnI+VGOpnlGHWZxthPGR+QhR78fuiK0sNLkHQv+bL9fQi57lNNdquIbna/WrfROrolq8GK5Ek6BiMwqL/voRYQ==",
			"requires": {
				"is-glob": "^4.0.1"
			}
		},
		"globby": {
			"version": "11.0.0",
			"resolved": "https://registry.npmjs.org/globby/-/globby-11.0.0.tgz",
			"integrity": "sha512-iuehFnR3xu5wBBtm4xi0dMe92Ob87ufyu/dHwpDYfbcpYpIbrO5OnS8M1vWvrBhSGEJ3/Ecj7gnX76P8YxpPEg==",
			"requires": {
				"array-union": "^2.1.0",
				"dir-glob": "^3.0.1",
				"fast-glob": "^3.1.1",
				"ignore": "^5.1.4",
				"merge2": "^1.3.0",
				"slash": "^3.0.0"
			}
		},
		"graceful-fs": {
			"version": "4.2.3",
			"resolved": "https://registry.npmjs.org/graceful-fs/-/graceful-fs-4.2.3.tgz",
			"integrity": "sha512-a30VEBm4PEdx1dRB7MFK7BejejvCvBronbLjht+sHuGYj8PHs7M/5Z+rt5lw551vZ7yfTCj4Vuyy3mSJytDWRQ=="
		},
		"ignore": {
			"version": "5.1.4",
			"resolved": "https://registry.npmjs.org/ignore/-/ignore-5.1.4.tgz",
			"integrity": "sha512-MzbUSahkTW1u7JpKKjY7LCARd1fU5W2rLdxlM4kdkayuCwZImjkpluF9CM1aLewYJguPDqewLam18Y6AU69A8A=="
		},
		"is-extglob": {
			"version": "2.1.1",
			"resolved": "https://registry.npmjs.org/is-extglob/-/is-extglob-2.1.1.tgz",
			"integrity": "sha1-qIwCU1eR8C7TfHahueqXc8gz+MI="
		},
		"is-fullwidth-code-point": {
			"version": "3.0.0",
			"resolved": "https://registry.npmjs.org/is-fullwidth-code-point/-/is-fullwidth-code-point-3.0.0.tgz",
			"integrity": "sha512-zymm5+u+sCsSWyD9qNaejV3DFvhCKclKdizYaJUuHA83RLjb7nSuGnddCHGv0hk+KY7BMAlsWeK4Ueg6EV6XQg=="
		},
		"is-glob": {
			"version": "4.0.1",
			"resolved": "https://registry.npmjs.org/is-glob/-/is-glob-4.0.1.tgz",
			"integrity": "sha512-5G0tKtBTFImOqDnLB2hG6Bp2qcKEFduo4tZu9MT/H6NQv/ghhy30o55ufafxJ/LdH79LLs2Kfrn85TLKyA7BUg==",
			"requires": {
				"is-extglob": "^2.1.1"
			}
		},
		"is-number": {
			"version": "7.0.0",
			"resolved": "https://registry.npmjs.org/is-number/-/is-number-7.0.0.tgz",
			"integrity": "sha512-41Cifkg6e8TylSpdtTpeLVMqvSBEVzTttHvERD741+pnZ8ANv0004MRL43QKPDlK9cGvNp6NZWZUBlbGXYxxng=="
		},
		"js2xmlparser": {
			"version": "4.0.1",
			"resolved": "https://registry.npmjs.org/js2xmlparser/-/js2xmlparser-4.0.1.tgz",
			"integrity": "sha512-KrPTolcw6RocpYjdC7pL7v62e55q7qOMHvLX1UCLc5AAS8qeJ6nukarEJAF2KL2PZxlbGueEbINqZR2bDe/gUw==",
			"requires": {
				"xmlcreate": "^2.0.3"
			}
		},
		"jsdoc": {
			"version": "3.6.4",
			"resolved": "https://registry.npmjs.org/jsdoc/-/jsdoc-3.6.4.tgz",
			"integrity": "sha512-3G9d37VHv7MFdheviDCjUfQoIjdv4TC5zTTf5G9VODLtOnVS6La1eoYBDlbWfsRT3/Xo+j2MIqki2EV12BZfwA==",
			"requires": {
				"@babel/parser": "^7.9.4",
				"bluebird": "^3.7.2",
				"catharsis": "^0.8.11",
				"escape-string-regexp": "^2.0.0",
				"js2xmlparser": "^4.0.1",
				"klaw": "^3.0.0",
				"markdown-it": "^10.0.0",
				"markdown-it-anchor": "^5.2.7",
				"marked": "^0.8.2",
				"mkdirp": "^1.0.4",
				"requizzle": "^0.2.3",
				"strip-json-comments": "^3.1.0",
				"taffydb": "2.6.2",
				"underscore": "~1.10.2"
			},
			"dependencies": {
				"requizzle": {
					"version": "0.2.3",
					"resolved": "https://registry.npmjs.org/requizzle/-/requizzle-0.2.3.tgz",
					"integrity": "sha512-YanoyJjykPxGHii0fZP0uUPEXpvqfBDxWV7s6GKAiiOsiqhX6vHNyW3Qzdmqp/iq/ExbhaGbVrjB4ruEVSM4GQ==",
					"requires": {
						"lodash": "^4.17.14"
					}
				}
			}
		},
		"klaw": {
			"version": "3.0.0",
			"resolved": "https://registry.npmjs.org/klaw/-/klaw-3.0.0.tgz",
			"integrity": "sha512-0Fo5oir+O9jnXu5EefYbVK+mHMBeEVEy2cmctR1O1NECcCkPRreJKrS6Qt/j3KC2C148Dfo9i3pCmCMsdqGr0g==",
			"requires": {
				"graceful-fs": "^4.1.9"
			}
		},
		"linkify-it": {
			"version": "2.2.0",
			"resolved": "https://registry.npmjs.org/linkify-it/-/linkify-it-2.2.0.tgz",
			"integrity": "sha512-GnAl/knGn+i1U/wjBz3akz2stz+HrHLsxMwHQGofCDfPvlf+gDKN58UtfmUquTY4/MXeE2x7k19KQmeoZi94Iw==",
			"requires": {
				"uc.micro": "^1.0.1"
			}
		},
		"locate-path": {
			"version": "5.0.0",
			"resolved": "https://registry.npmjs.org/locate-path/-/locate-path-5.0.0.tgz",
			"integrity": "sha512-t7hw9pI+WvuwNJXwk5zVHpyhIqzg2qTlklJOf0mVxGSbe3Fp2VieZcduNYjaLDoy6p9uGpQEGWG87WpMKlNq8g==",
			"requires": {
				"p-locate": "^4.1.0"
			}
		},
		"lodash": {
			"version": "4.17.15",
			"resolved": "https://registry.npmjs.org/lodash/-/lodash-4.17.15.tgz",
			"integrity": "sha512-8xOcRHvCjnocdS5cpwXQXVzmmh5e5+saE2QGoeQmbKmRS6J3VQppPOIt0MnmE+4xlZoumy0GPG0D0MVIQbNA1A=="
		},
		"markdown-it": {
			"version": "10.0.0",
			"resolved": "https://registry.npmjs.org/markdown-it/-/markdown-it-10.0.0.tgz",
			"integrity": "sha512-YWOP1j7UbDNz+TumYP1kpwnP0aEa711cJjrAQrzd0UXlbJfc5aAq0F/PZHjiioqDC1NKgvIMX+o+9Bk7yuM2dg==",
			"requires": {
				"argparse": "^1.0.7",
				"entities": "~2.0.0",
				"linkify-it": "^2.0.0",
				"mdurl": "^1.0.1",
				"uc.micro": "^1.0.5"
			}
		},
		"markdown-it-anchor": {
			"version": "5.2.7",
			"resolved": "https://registry.npmjs.org/markdown-it-anchor/-/markdown-it-anchor-5.2.7.tgz",
			"integrity": "sha512-REFmIaSS6szaD1bye80DMbp7ePwsPNvLTR5HunsUcZ0SG0rWJQ+Pz24R4UlTKtjKBPhxo0v0tOBDYjZQQknW8Q=="
		},
		"marked": {
			"version": "0.8.2",
			"resolved": "https://registry.npmjs.org/marked/-/marked-0.8.2.tgz",
			"integrity": "sha512-EGwzEeCcLniFX51DhTpmTom+dSA/MG/OBUDjnWtHbEnjAH180VzUeAw+oE4+Zv+CoYBWyRlYOTR0N8SO9R1PVw=="
		},
		"mdurl": {
			"version": "1.0.1",
			"resolved": "https://registry.npmjs.org/mdurl/-/mdurl-1.0.1.tgz",
			"integrity": "sha1-/oWy7HWlkDfyrf7BAP1sYBdhFS4="
		},
		"merge2": {
			"version": "1.3.0",
			"resolved": "https://registry.npmjs.org/merge2/-/merge2-1.3.0.tgz",
			"integrity": "sha512-2j4DAdlBOkiSZIsaXk4mTE3sRS02yBHAtfy127xRV3bQUFqXkjHCHLW6Scv7DwNRbIWNHH8zpnz9zMaKXIdvYw=="
		},
		"micromatch": {
			"version": "4.0.2",
			"resolved": "https://registry.npmjs.org/micromatch/-/micromatch-4.0.2.tgz",
			"integrity": "sha512-y7FpHSbMUMoyPbYUSzO6PaZ6FyRnQOpHuKwbo1G+Knck95XVU4QAiKdGEnj5wwoS7PlOgthX/09u5iFJ+aYf5Q==",
			"requires": {
				"braces": "^3.0.1",
				"picomatch": "^2.0.5"
			}
		},
		"missionlog": {
			"version": "1.6.0",
			"resolved": "https://registry.npmjs.org/missionlog/-/missionlog-1.6.0.tgz",
			"integrity": "sha512-E7I0ePiUvh9Su4JnWcJaegek0fEU0OsQhatoqoYKRkJOkOWy5v2JjU6HKawxqcootHr/EtNSkyaUJM0ictCDZQ==",
			"requires": {
				"@babel/runtime": "^7.8.4",
				"core-js": "^3.6.4"
			}
		},
		"mkdirp": {
			"version": "1.0.4",
			"resolved": "https://registry.npmjs.org/mkdirp/-/mkdirp-1.0.4.tgz",
			"integrity": "sha512-vVqVZQyf3WLx2Shd0qJ9xuvqgAyKPLAiqITEtqW0oIUjzo3PePDd6fW9iFz30ef7Ysp/oiWqbhszeGWW2T6Gzw=="
		},
		"p-limit": {
			"version": "2.3.0",
			"resolved": "https://registry.npmjs.org/p-limit/-/p-limit-2.3.0.tgz",
			"integrity": "sha512-//88mFWSJx8lxCzwdAABTJL2MyWB12+eIY7MDL2SqLmAkeKU9qxRvWuSyTjm3FUmpBEMuFfckAIqEaVGUDxb6w==",
			"requires": {
				"p-try": "^2.0.0"
			}
		},
		"p-locate": {
			"version": "4.1.0",
			"resolved": "https://registry.npmjs.org/p-locate/-/p-locate-4.1.0.tgz",
			"integrity": "sha512-R79ZZ/0wAxKGu3oYMlz8jy/kbhsNrS7SKZ7PxEHBgJ5+F2mtFW2fK2cOtBh1cHYkQsbzFV7I+EoRKe6Yt0oK7A==",
			"requires": {
				"p-limit": "^2.2.0"
			}
		},
		"p-try": {
			"version": "2.2.0",
			"resolved": "https://registry.npmjs.org/p-try/-/p-try-2.2.0.tgz",
			"integrity": "sha512-R4nPAVTAU0B9D35/Gk3uJf/7XYbQcyohSKdvAxIRSNghFl4e71hVoGnBNQz9cWaXxO2I10KTC+3jMdvvoKw6dQ=="
		},
		"path-exists": {
			"version": "4.0.0",
			"resolved": "https://registry.npmjs.org/path-exists/-/path-exists-4.0.0.tgz",
			"integrity": "sha512-ak9Qy5Q7jYb2Wwcey5Fpvg2KoAc/ZIhLSLOSBmRmygPsGwkVVt0fZa0qrtMz+m6tJTAHfZQ8FnmB4MG4LWy7/w=="
		},
		"path-type": {
			"version": "4.0.0",
			"resolved": "https://registry.npmjs.org/path-type/-/path-type-4.0.0.tgz",
			"integrity": "sha512-gDKb8aZMDeD/tZWs9P6+q0J9Mwkdl6xMV8TjnGP3qJVJ06bdMgkbBlLU8IdfOsIsFz2BW1rNVT3XuNEl8zPAvw=="
		},
		"picomatch": {
			"version": "2.2.2",
			"resolved": "https://registry.npmjs.org/picomatch/-/picomatch-2.2.2.tgz",
			"integrity": "sha512-q0M/9eZHzmr0AulXyPwNfZjtwZ/RBZlbN3K3CErVrk50T2ASYI7Bye0EvekFY3IP1Nt2DHu0re+V2ZHIpMkuWg=="
		},
		"regenerator-runtime": {
			"version": "0.13.5",
			"resolved": "https://registry.npmjs.org/regenerator-runtime/-/regenerator-runtime-0.13.5.tgz",
			"integrity": "sha512-ZS5w8CpKFinUzOwW3c83oPeVXoNsrLsaCoLtJvAClH135j/R77RuymhiSErhm2lKcwSCIpmvIWSbDkIfAqKQlA=="
		},
		"require-directory": {
			"version": "2.1.1",
			"resolved": "https://registry.npmjs.org/require-directory/-/require-directory-2.1.1.tgz",
			"integrity": "sha1-jGStX9MNqxyXbiNE/+f3kqam30I="
		},
		"require-main-filename": {
			"version": "2.0.0",
			"resolved": "https://registry.npmjs.org/require-main-filename/-/require-main-filename-2.0.0.tgz",
			"integrity": "sha512-NKN5kMDylKuldxYLSUfrbo5Tuzh4hd+2E8NPPX02mZtn1VuREQToYe/ZdlJy+J3uCpfaiGF05e7B8W0iXbQHmg=="
		},
		"requizzle": {
			"version": "0.2.3",
			"resolved": "https://registry.npmjs.org/requizzle/-/requizzle-0.2.3.tgz",
			"integrity": "sha512-YanoyJjykPxGHii0fZP0uUPEXpvqfBDxWV7s6GKAiiOsiqhX6vHNyW3Qzdmqp/iq/ExbhaGbVrjB4ruEVSM4GQ==",
			"requires": {
				"lodash": "^4.17.14"
			}
		},
		"reusify": {
			"version": "1.0.4",
			"resolved": "https://registry.npmjs.org/reusify/-/reusify-1.0.4.tgz",
			"integrity": "sha512-U9nH88a3fc/ekCF1l0/UP1IosiuIjyTh7hBvXVMHYgVcfGvt897Xguj2UOLDeI5BG2m7/uwyaLVT6fbtCwTyzw=="
		},
		"run-parallel": {
			"version": "1.1.9",
			"resolved": "https://registry.npmjs.org/run-parallel/-/run-parallel-1.1.9.tgz",
			"integrity": "sha512-DEqnSRTDw/Tc3FXf49zedI638Z9onwUotBMiUFKmrO2sdFKIbXamXGQ3Axd4qgphxKB4kw/qP1w5kTxnfU1B9Q=="
		},
		"set-blocking": {
			"version": "2.0.0",
			"resolved": "https://registry.npmjs.org/set-blocking/-/set-blocking-2.0.0.tgz",
			"integrity": "sha1-BF+XgtARrppoA93TgrJDkrPYkPc="
		},
		"slash": {
			"version": "3.0.0",
			"resolved": "https://registry.npmjs.org/slash/-/slash-3.0.0.tgz",
			"integrity": "sha512-g9Q1haeby36OSStwb4ntCGGGaKsaVSjQ68fBxoQcutl5fS1vuY18H3wSt3jFyFtrkx+Kz0V1G85A4MyAdDMi2Q=="
		},
		"sprintf-js": {
			"version": "1.0.3",
			"resolved": "https://registry.npmjs.org/sprintf-js/-/sprintf-js-1.0.3.tgz",
			"integrity": "sha1-BOaSb2YolTVPPdAVIDYzuFcpfiw="
		},
		"string-width": {
			"version": "4.2.0",
			"resolved": "https://registry.npmjs.org/string-width/-/string-width-4.2.0.tgz",
			"integrity": "sha512-zUz5JD+tgqtuDjMhwIg5uFVV3dtqZ9yQJlZVfq4I01/K5Paj5UHj7VyrQOJvzawSVlKpObApbfD0Ed6yJc+1eg==",
			"requires": {
				"emoji-regex": "^8.0.0",
				"is-fullwidth-code-point": "^3.0.0",
				"strip-ansi": "^6.0.0"
			}
		},
		"strip-ansi": {
			"version": "6.0.0",
			"resolved": "https://registry.npmjs.org/strip-ansi/-/strip-ansi-6.0.0.tgz",
			"integrity": "sha512-AuvKTrTfQNYNIctbR1K/YGTR1756GycPsg7b9bdV9Duqur4gv6aKqHXah67Z8ImS7WEz5QVcOtlfW2rZEugt6w==",
			"requires": {
				"ansi-regex": "^5.0.0"
			}
		},
		"strip-json-comments": {
			"version": "3.1.0",
			"resolved": "https://registry.npmjs.org/strip-json-comments/-/strip-json-comments-3.1.0.tgz",
			"integrity": "sha512-e6/d0eBu7gHtdCqFt0xJr642LdToM5/cN4Qb9DbHjVx1CP5RyeM+zH7pbecEmDv/lBqb0QH+6Uqq75rxFPkM0w=="
		},
		"taffydb": {
			"version": "2.6.2",
			"resolved": "https://registry.npmjs.org/taffydb/-/taffydb-2.6.2.tgz",
			"integrity": "sha1-fLy2S1oUG2ou/CxdLGe04VCyomg="
		},
		"to-regex-range": {
			"version": "5.0.1",
			"resolved": "https://registry.npmjs.org/to-regex-range/-/to-regex-range-5.0.1.tgz",
			"integrity": "sha512-65P7iz6X5yEr1cwcgvQxbbIw7Uk3gOy5dIdtZ4rDveLqhrdJP+Li/Hx6tyK0NEb+2GCyneCMJiGqrADCSNk8sQ==",
			"requires": {
				"is-number": "^7.0.0"
			}
		},
		"uc.micro": {
			"version": "1.0.6",
			"resolved": "https://registry.npmjs.org/uc.micro/-/uc.micro-1.0.6.tgz",
			"integrity": "sha512-8Y75pvTYkLJW2hWQHXxoqRgV7qb9B+9vFEtidML+7koHUFapnVJAZ6cKs+Qjz5Aw3aZWHMC6u0wJE3At+nSGwA=="
		},
		"underscore": {
			"version": "1.10.2",
			"resolved": "https://registry.npmjs.org/underscore/-/underscore-1.10.2.tgz",
			"integrity": "sha512-N4P+Q/BuyuEKFJ43B9gYuOj4TQUHXX+j2FqguVOpjkssLUUrnJofCcBccJSCoeturDoZU6GorDTHSvUDlSQbTg=="
		},
		"which-module": {
			"version": "2.0.0",
			"resolved": "https://registry.npmjs.org/which-module/-/which-module-2.0.0.tgz",
			"integrity": "sha1-2e8H3Od7mQK4o6j6SzHD4/fm6Ho="
		},
		"wrap-ansi": {
			"version": "6.2.0",
			"resolved": "https://registry.npmjs.org/wrap-ansi/-/wrap-ansi-6.2.0.tgz",
			"integrity": "sha512-r6lPcBGxZXlIcymEu7InxDMhdW0KDxpLgoFLcguasxCaJ/SOIZwINatK9KY/tf+ZrlywOKU0UDj3ATXUBfxJXA==",
			"requires": {
				"ansi-styles": "^4.0.0",
				"string-width": "^4.1.0",
				"strip-ansi": "^6.0.0"
			}
		},
		"xmlcreate": {
			"version": "2.0.3",
			"resolved": "https://registry.npmjs.org/xmlcreate/-/xmlcreate-2.0.3.tgz",
			"integrity": "sha512-HgS+X6zAztGa9zIK3Y3LXuJes33Lz9x+YyTxgrkIdabu2vqcGOWwdfCpf1hWLRrd553wd4QCDf6BBO6FfdsRiQ=="
		},
		"y18n": {
			"version": "4.0.0",
			"resolved": "https://registry.npmjs.org/y18n/-/y18n-4.0.0.tgz",
			"integrity": "sha512-r9S/ZyXu/Xu9q1tYlpsLIsa3EeLXXk0VwlxqTcFRfg9EhMW+17kbt9G0NrgCmhGb5vT2hyhJZLfDGx+7+5Uj/w=="
		},
		"yargs": {
			"version": "15.3.1",
			"resolved": "https://registry.npmjs.org/yargs/-/yargs-15.3.1.tgz",
			"integrity": "sha512-92O1HWEjw27sBfgmXiixJWT5hRBp2eobqXicLtPBIDBhYB+1HpwZlXmbW2luivBJHBzki+7VyCLRtAkScbTBQA==",
			"requires": {
				"cliui": "^6.0.0",
				"decamelize": "^1.2.0",
				"find-up": "^4.1.0",
				"get-caller-file": "^2.0.1",
				"require-directory": "^2.1.1",
				"require-main-filename": "^2.0.0",
				"set-blocking": "^2.0.0",
				"string-width": "^4.2.0",
				"which-module": "^2.0.0",
				"y18n": "^4.0.0",
				"yargs-parser": "^18.1.1"
			}
		},
		"yargs-parser": {
			"version": "18.1.3",
			"resolved": "https://registry.npmjs.org/yargs-parser/-/yargs-parser-18.1.3.tgz",
			"integrity": "sha512-o50j0JeToy/4K6OZcaQmW6lyXXKhq7csREXcDwk2omFPJEwUNOVtJKvmDr9EI1fAJZUyZcRF7kxGBWmRXudrCQ==",
			"requires": {
				"camelcase": "^5.0.0",
				"decamelize": "^1.2.0"
			}
		}
	}
}
